
Microsoft Visual Studio Solution File, Format Version 12.00
# Visual Studio Version 16
VisualStudioVersion = 16.0.29102.190
MinimumVisualStudioVersion = 10.0.40219.1
Project("{FAE04EC0-301F-11D3-BF4B-00C04F79EFBC}") = "ImageGallery", "ImageGallery.csproj", "{55A9C102-E3A6-4A1E-A0B5-AFBC54687C51}"
EndProject
Project("{FAE04EC0-301F-11D3-BF4B-00C04F79EFBC}") = "BAL", "..\BAL\BAL.csproj", "{34BD13B4-A733-4F12-8E5F-A8D8433D6A0E}"
EndProject
Project("{FAE04EC0-301F-11D3-BF4B-00C04F79EFBC}") = "DAL", "..\DAL\DAL.csproj", "{71717D32-3356-414A-8315-78128F979A11}"
EndProject
Project("{FAE04EC0-301F-11D3-BF4B-00C04F79EFBC}") = "CLOUDINARY", "..\CLOUDINARY\CLOUDINARY.csproj", "{2B31A513-98AB-429C-9BB7-0413BA2E56E2}"
EndProject
Global
	GlobalSection(SolutionConfigurationPlatforms) = preSolution
		Debug|Any CPU = Debug|Any CPU
		Release|Any CPU = Release|Any CPU
	EndGlobalSection
	GlobalSection(ProjectConfigurationPlatforms) = postSolution
		{55A9C102-E3A6-4A1E-A0B5-AFBC54687C51}.Debug|Any CPU.ActiveCfg = Debug|Any CPU
		{55A9C102-E3A6-4A1E-A0B5-AFBC54687C51}.Debug|Any CPU.Build.0 = Debug|Any CPU
		{55A9C102-E3A6-4A1E-A0B5-AFBC54687C51}.Release|Any CPU.ActiveCfg = Release|Any CPU
		{55A9C102-E3A6-4A1E-A0B5-AFBC54687C51}.Release|Any CPU.Build.0 = Release|Any CPU
		{34BD13B4-A733-4F12-8E5F-A8D8433D6A0E}.Debug|Any CPU.ActiveCfg = Debug|Any CPU
		{34BD13B4-A733-4F12-8E5F-A8D8433D6A0E}.Debug|Any CPU.Build.0 = Debug|Any CPU
		{34BD13B4-A733-4F12-8E5F-A8D8433D6A0E}.Release|Any CPU.ActiveCfg = Release|Any CPU
		{34BD13B4-A733-4F12-8E5F-A8D8433D6A0E}.Release|Any CPU.Build.0 = Release|Any CPU
		{71717D32-3356-414A-8315-78128F979A11}.Debug|Any CPU.ActiveCfg = Debug|Any CPU
		{71717D32-3356-414A-8315-78128F979A11}.Debug|Any CPU.Build.0 = Debug|Any CPU
		{71717D32-3356-414A-8315-78128F979A11}.Release|Any CPU.ActiveCfg = Release|Any CPU
		{71717D32-3356-414A-8315-78128F979A11}.Release|Any CPU.Build.0 = Release|Any CPU
		{2B31A513-98AB-429C-9BB7-0413BA2E56E2}.Debug|Any CPU.ActiveCfg = Debug|Any CPU
		{2B31A513-98AB-429C-9BB7-0413BA2E56E2}.Debug|Any CPU.Build.0 = Debug|Any CPU
		{2B31A513-98AB-429C-9BB7-0413BA2E56E2}.Release|Any CPU.ActiveCfg = Release|Any CPU
		{2B31A513-98AB-429C-9BB7-0413BA2E56E2}.Release|Any CPU.Build.0 = Release|Any CPU
	EndGlobalSection
	GlobalSection(SolutionProperties) = preSolution
		HideSolutionNode = FALSE
	EndGlobalSection
	GlobalSection(ExtensibilityGlobals) = postSolution
		SolutionGuid = {92B7CE6C-FB1E-46C8-8252-0DFB237CD008}
	EndGlobalSection
EndGlobal
